
Microsoft Visual Studio Solution File, Format Version 12.00
# Visual Studio Version 16
VisualStudioVersion = 16.0.30523.141
MinimumVisualStudioVersion = 10.0.40219.1
Project("{9A19103F-16F7-4668-BE54-9A1E7A4F7556}") = "DiffSyntax", "Verifier\DiffSyntax.csproj", "{606FDAF4-CD25-4753-9F3F-E8EABDC45194}"
EndProject
Project("{2150E333-8FDC-42A3-9474-1A3956D46DE8}") = "Solution Items", "Solution Items", "{CD3FF3B7-7030-48A4-B152-1F5FBA1B8E1F}"
	ProjectSection(SolutionItems) = preProject
		.editorconfig = .editorconfig
	EndProjectSection
EndProject
Project("{9A19103F-16F7-4668-BE54-9A1E7A4F7556}") = "Tests", "Tests\Tests.csproj", "{22A68C08-E29D-4605-9C19-5E8E3972E108}"
EndProject
Project("{9A19103F-16F7-4668-BE54-9A1E7A4F7556}") = "JavaParser", "JavaParser\JavaParser.csproj", "{57CC5FB7-4E2D-4793-B970-05E76051D908}"
EndProject
Global
	GlobalSection(SolutionConfigurationPlatforms) = preSolution
		Debug|Any CPU = Debug|Any CPU
		Release|Any CPU = Release|Any CPU
	EndGlobalSection
	GlobalSection(ProjectConfigurationPlatforms) = postSolution
		{606FDAF4-CD25-4753-9F3F-E8EABDC45194}.Debug|Any CPU.ActiveCfg = Debug|Any CPU
		{606FDAF4-CD25-4753-9F3F-E8EABDC45194}.Debug|Any CPU.Build.0 = Debug|Any CPU
		{606FDAF4-CD25-4753-9F3F-E8EABDC45194}.Release|Any CPU.ActiveCfg = Release|Any CPU
		{606FDAF4-CD25-4753-9F3F-E8EABDC45194}.Release|Any CPU.Build.0 = Release|Any CPU
		{22A68C08-E29D-4605-9C19-5E8E3972E108}.Debug|Any CPU.ActiveCfg = Debug|Any CPU
		{22A68C08-E29D-4605-9C19-5E8E3972E108}.Debug|Any CPU.Build.0 = Debug|Any CPU
		{22A68C08-E29D-4605-9C19-5E8E3972E108}.Release|Any CPU.ActiveCfg = Release|Any CPU
		{22A68C08-E29D-4605-9C19-5E8E3972E108}.Release|Any CPU.Build.0 = Release|Any CPU
		{57CC5FB7-4E2D-4793-B970-05E76051D908}.Debug|Any CPU.ActiveCfg = Debug|Any CPU
		{57CC5FB7-4E2D-4793-B970-05E76051D908}.Debug|Any CPU.Build.0 = Debug|Any CPU
		{57CC5FB7-4E2D-4793-B970-05E76051D908}.Release|Any CPU.ActiveCfg = Release|Any CPU
		{57CC5FB7-4E2D-4793-B970-05E76051D908}.Release|Any CPU.Build.0 = Release|Any CPU
	EndGlobalSection
	GlobalSection(SolutionProperties) = preSolution
		HideSolutionNode = FALSE
	EndGlobalSection
	GlobalSection(ExtensibilityGlobals) = postSolution
		SolutionGuid = {B50BFD86-F4CD-4C48-911A-7EE09F521D7C}
	EndGlobalSection
EndGlobal
